
Microsoft Visual Studio Solution File, Format Version 12.00
# Visual Studio Version 17
VisualStudioVersion = 17.4.33205.214
MinimumVisualStudioVersion = 10.0.40219.1
Project("{FAE04EC0-301F-11D3-BF4B-00C04F79EFBC}") = "Ejemplo1", "Ejemplo1\Ejemplo1.csproj", "{476C63A9-1806-4430-A9F0-8FF55DF5A157}"
EndProject
Global
	GlobalSection(SolutionConfigurationPlatforms) = preSolution
		Debug|Any CPU = Debug|Any CPU
		Release|Any CPU = Release|Any CPU
	EndGlobalSection
	GlobalSection(ProjectConfigurationPlatforms) = postSolution
		{476C63A9-1806-4430-A9F0-8FF55DF5A157}.Debug|Any CPU.ActiveCfg = Debug|Any CPU
		{476C63A9-1806-4430-A9F0-8FF55DF5A157}.Debug|Any CPU.Build.0 = Debug|Any CPU
		{476C63A9-1806-4430-A9F0-8FF55DF5A157}.Release|Any CPU.ActiveCfg = Release|Any CPU
		{476C63A9-1806-4430-A9F0-8FF55DF5A157}.Release|Any CPU.Build.0 = Release|Any CPU
	EndGlobalSection
	GlobalSection(SolutionProperties) = preSolution
		HideSolutionNode = FALSE
	EndGlobalSection
	GlobalSection(ExtensibilityGlobals) = postSolution
		SolutionGuid = {10BB1979-9E09-4945-BD7D-C56313DBE23B}
	EndGlobalSection
EndGlobal
